
Microsoft Visual Studio Solution File, Format Version 12.00
# Visual Studio Version 16
VisualStudioVersion = 16.0.30621.155
MinimumVisualStudioVersion = 10.0.40219.1
Project("{FAE04EC0-301F-11D3-BF4B-00C04F79EFBC}") = "PetUshatnik", "PetUshatnik\PetUshatnik.csproj", "{FD924C0B-2826-4CD7-92E0-2843D50C9AE3}"
EndProject
Global
	GlobalSection(SolutionConfigurationPlatforms) = preSolution
		Debug|Any CPU = Debug|Any CPU
		Release|Any CPU = Release|Any CPU
	EndGlobalSection
	GlobalSection(ProjectConfigurationPlatforms) = postSolution
		{FD924C0B-2826-4CD7-92E0-2843D50C9AE3}.Debug|Any CPU.ActiveCfg = Debug|Any CPU
		{FD924C0B-2826-4CD7-92E0-2843D50C9AE3}.Debug|Any CPU.Build.0 = Debug|Any CPU
		{FD924C0B-2826-4CD7-92E0-2843D50C9AE3}.Release|Any CPU.ActiveCfg = Release|Any CPU
		{FD924C0B-2826-4CD7-92E0-2843D50C9AE3}.Release|Any CPU.Build.0 = Release|Any CPU
	EndGlobalSection
	GlobalSection(SolutionProperties) = preSolution
		HideSolutionNode = FALSE
	EndGlobalSection
	GlobalSection(ExtensibilityGlobals) = postSolution
		SolutionGuid = {BB8E2C92-95B2-485F-A15F-72B769A0D928}
	EndGlobalSection
EndGlobal
